
Microsoft Visual Studio Solution File, Format Version 12.00
# Visual Studio Version 16
VisualStudioVersion = 16.0.30320.27
MinimumVisualStudioVersion = 10.0.40219.1
Project("{8BC9CEB8-8B4A-11D0-8D11-00A0C91BC942}") = "Lab1", "Lab1\Lab1.vcxproj", "{5C519EE1-19F9-47A8-B69F-3012E2122B03}"
EndProject
Project("{2150E333-8FDC-42A3-9474-1A3956D46DE8}") = "Solution Items", "Solution Items", "{9D438259-DA59-4C0C-A318-ED8F2236E29E}"
	ProjectSection(SolutionItems) = preProject
		Readme.txt = Readme.txt
	EndProjectSection
EndProject
Global
	GlobalSection(SolutionConfigurationPlatforms) = preSolution
		Debug|x64 = Debug|x64
		Debug|x86 = Debug|x86
		Release|x64 = Release|x64
		Release|x86 = Release|x86
	EndGlobalSection
	GlobalSection(ProjectConfigurationPlatforms) = postSolution
		{5C519EE1-19F9-47A8-B69F-3012E2122B03}.Debug|x64.ActiveCfg = Debug|x64
		{5C519EE1-19F9-47A8-B69F-3012E2122B03}.Debug|x64.Build.0 = Debug|x64
		{5C519EE1-19F9-47A8-B69F-3012E2122B03}.Debug|x86.ActiveCfg = Debug|Win32
		{5C519EE1-19F9-47A8-B69F-3012E2122B03}.Debug|x86.Build.0 = Debug|Win32
		{5C519EE1-19F9-47A8-B69F-3012E2122B03}.Release|x64.ActiveCfg = Release|x64
		{5C519EE1-19F9-47A8-B69F-3012E2122B03}.Release|x64.Build.0 = Release|x64
		{5C519EE1-19F9-47A8-B69F-3012E2122B03}.Release|x86.ActiveCfg = Release|Win32
		{5C519EE1-19F9-47A8-B69F-3012E2122B03}.Release|x86.Build.0 = Release|Win32
	EndGlobalSection
	GlobalSection(SolutionProperties) = preSolution
		HideSolutionNode = FALSE
	EndGlobalSection
	GlobalSection(ExtensibilityGlobals) = postSolution
		SolutionGuid = {AB01EC45-FF5C-412B-979A-D36CCB370C83}
	EndGlobalSection
EndGlobal
